
Microsoft Visual Studio Solution File, Format Version 12.00
# Visual Studio 15
VisualStudioVersion = 15.0.28307.102
MinimumVisualStudioVersion = 10.0.40219.1
Project("{9A19103F-16F7-4668-BE54-9A1E7A4F7556}") = "Authentication", "Authentication\Authentication.csproj", "{E249DEB1-BCC4-4B92-8E1C-D45C938C80A2}"
EndProject
Project("{9A19103F-16F7-4668-BE54-9A1E7A4F7556}") = "Core", "Core\Core.csproj", "{E5B705FD-E75A-4F50-8AFB-EBB253B2C108}"
EndProject
Project("{9A19103F-16F7-4668-BE54-9A1E7A4F7556}") = "Game", "Game\Game.csproj", "{CDE9C99D-2DCA-4D73-A33F-C56618028869}"
EndProject
Project("{2150E333-8FDC-42A3-9474-1A3956D46DE8}") = "Databases", "Databases", "{1E1E1E1B-A6D9-4308-950E-C536E7A8175D}"
	ProjectSection(SolutionItems) = preProject
		Databases\WCPS-Authentication.sql = Databases\WCPS-Authentication.sql
		Databases\WCPS-GameServer.sql = Databases\WCPS-GameServer.sql
	EndProjectSection
EndProject
Global
	GlobalSection(SolutionConfigurationPlatforms) = preSolution
		Debug|Any CPU = Debug|Any CPU
		Release|Any CPU = Release|Any CPU
	EndGlobalSection
	GlobalSection(ProjectConfigurationPlatforms) = postSolution
		{E249DEB1-BCC4-4B92-8E1C-D45C938C80A2}.Debug|Any CPU.ActiveCfg = Debug|Any CPU
		{E249DEB1-BCC4-4B92-8E1C-D45C938C80A2}.Debug|Any CPU.Build.0 = Debug|Any CPU
		{E249DEB1-BCC4-4B92-8E1C-D45C938C80A2}.Release|Any CPU.ActiveCfg = Release|Any CPU
		{E249DEB1-BCC4-4B92-8E1C-D45C938C80A2}.Release|Any CPU.Build.0 = Release|Any CPU
		{E5B705FD-E75A-4F50-8AFB-EBB253B2C108}.Debug|Any CPU.ActiveCfg = Debug|Any CPU
		{E5B705FD-E75A-4F50-8AFB-EBB253B2C108}.Debug|Any CPU.Build.0 = Debug|Any CPU
		{E5B705FD-E75A-4F50-8AFB-EBB253B2C108}.Release|Any CPU.ActiveCfg = Release|Any CPU
		{E5B705FD-E75A-4F50-8AFB-EBB253B2C108}.Release|Any CPU.Build.0 = Release|Any CPU
		{CDE9C99D-2DCA-4D73-A33F-C56618028869}.Debug|Any CPU.ActiveCfg = Debug|Any CPU
		{CDE9C99D-2DCA-4D73-A33F-C56618028869}.Debug|Any CPU.Build.0 = Debug|Any CPU
		{CDE9C99D-2DCA-4D73-A33F-C56618028869}.Release|Any CPU.ActiveCfg = Release|Any CPU
		{CDE9C99D-2DCA-4D73-A33F-C56618028869}.Release|Any CPU.Build.0 = Release|Any CPU
	EndGlobalSection
	GlobalSection(SolutionProperties) = preSolution
		HideSolutionNode = FALSE
	EndGlobalSection
	GlobalSection(ExtensibilityGlobals) = postSolution
		SolutionGuid = {7A382079-F16C-45CE-8EE1-054B48EBDB75}
	EndGlobalSection
EndGlobal
